// !$*UTF8*$!
{
	archiveVersion = 1;
	classes = {
	};
	objectVersion = 50;
	objects = {

/* Begin PBXBuildFile section */
		6A33BBFA217F98CE00856B08 /* AppDelegate.swift in Sources */ = {isa = PBXBuildFile; fileRef = 6A33BBF9217F98CE00856B08 /* AppDelegate.swift */; };
		6A33BC01217F98CE00856B08 /* Main.storyboard in Resources */ = {isa = PBXBuildFile; fileRef = 6A33BBFF217F98CE00856B08 /* Main.storyboard */; };
		6A33BC03217F98CF00856B08 /* Assets.xcassets in Resources */ = {isa = PBXBuildFile; fileRef = 6A33BC02217F98CF00856B08 /* Assets.xcassets */; };
		6A33BC06217F98CF00856B08 /* LaunchScreen.storyboard in Resources */ = {isa = PBXBuildFile; fileRef = 6A33BC04217F98CF00856B08 /* LaunchScreen.storyboard */; };
		6A33BC11217F98CF00856B08 /* iKidTests.swift in Sources */ = {isa = PBXBuildFile; fileRef = 6A33BC10217F98CF00856B08 /* iKidTests.swift */; };
		6A33BC1C217F98CF00856B08 /* iKidUITests.swift in Sources */ = {isa = PBXBuildFile; fileRef = 6A33BC1B217F98CF00856B08 /* iKidUITests.swift */; };
		6AE126C42180EBFB00FA6CB9 /* dadJokeSwitchingVC.swift in Sources */ = {isa = PBXBuildFile; fileRef = 6AE126C32180EBFB00FA6CB9 /* dadJokeSwitchingVC.swift */; };
		6AE126C62180EC7400FA6CB9 /* dadJoke1VC.swift in Sources */ = {isa = PBXBuildFile; fileRef = 6AE126C52180EC7400FA6CB9 /* dadJoke1VC.swift */; };
		6AE126C82180EC8F00FA6CB9 /* dadJoke2VC.swift in Sources */ = {isa = PBXBuildFile; fileRef = 6AE126C72180EC8F00FA6CB9 /* dadJoke2VC.swift */; };
		6AE126CA2180F74200FA6CB9 /* goodJokeSwitchVC.swift in Sources */ = {isa = PBXBuildFile; fileRef = 6AE126C92180F74200FA6CB9 /* goodJokeSwitchVC.swift */; };
		6AE126CC2180F75E00FA6CB9 /* goodJoke1VC.swift in Sources */ = {isa = PBXBuildFile; fileRef = 6AE126CB2180F75E00FA6CB9 /* goodJoke1VC.swift */; };
		6AE126CE2180F77200FA6CB9 /* goodJoke2VC.swift in Sources */ = {isa = PBXBuildFile; fileRef = 6AE126CD2180F77200FA6CB9 /* goodJoke2VC.swift */; };
		6AE126D02181083500FA6CB9 /* punJokeSwitchVC.swift in Sources */ = {isa = PBXBuildFile; fileRef = 6AE126CF2181083500FA6CB9 /* punJokeSwitchVC.swift */; };
		6AE126D22181085C00FA6CB9 /* punJoke1VC.swift in Sources */ = {isa = PBXBuildFile; fileRef = 6AE126D12181085C00FA6CB9 /* punJoke1VC.swift */; };
		6AE126D42181086F00FA6CB9 /* punJoke2VC.swift in Sources */ = {isa = PBXBuildFile; fileRef = 6AE126D32181086F00FA6CB9 /* punJoke2VC.swift */; };
		6AE126D62181088800FA6CB9 /* punJoke3VC.swift in Sources */ = {isa = PBXBuildFile; fileRef = 6AE126D52181088800FA6CB9 /* punJoke3VC.swift */; };
		6AE126D8218108A100FA6CB9 /* punJoke4VC.swift in Sources */ = {isa = PBXBuildFile; fileRef = 6AE126D7218108A100FA6CB9 /* punJoke4VC.swift */; };
		6AE126DA218108BA00FA6CB9 /* punJoke5VC.swift in Sources */ = {isa = PBXBuildFile; fileRef = 6AE126D9218108BA00FA6CB9 /* punJoke5VC.swift */; };
/* End PBXBuildFile section */

/* Begin PBXContainerItemProxy section */
		6A33BC0D217F98CF00856B08 /* PBXContainerItemProxy */ = {
			isa = PBXContainerItemProxy;
			containerPortal = 6A33BBEE217F98CE00856B08 /* Project object */;
			proxyType = 1;
			remoteGlobalIDString = 6A33BBF5217F98CE00856B08;
			remoteInfo = iKid;
		};
		6A33BC18217F98CF00856B08 /* PBXContainerItemProxy */ = {
			isa = PBXContainerItemProxy;
			containerPortal = 6A33BBEE217F98CE00856B08 /* Project object */;
			proxyType = 1;
			remoteGlobalIDString = 6A33BBF5217F98CE00856B08;
			remoteInfo = iKid;
		};
/* End PBXContainerItemProxy section */

/* Begin PBXFileReference section */
		6A33BBF6217F98CE00856B08 /* iKid.app */ = {isa = PBXFileReference; explicitFileType = wrapper.application; includeInIndex = 0; path = iKid.app; sourceTree = BUILT_PRODUCTS_DIR; };
		6A33BBF9217F98CE00856B08 /* AppDelegate.swift */ = {isa = PBXFileReference; lastKnownFileType = sourcecode.swift; path = AppDelegate.swift; sourceTree = "<group>"; };
		6A33BC00217F98CE00856B08 /* Base */ = {isa = PBXFileReference; lastKnownFileType = file.storyboard; name = Base; path = Base.lproj/Main.storyboard; sourceTree = "<group>"; };
		6A33BC02217F98CF00856B08 /* Assets.xcassets */ = {isa = PBXFileReference; lastKnownFileType = folder.assetcatalog; path = Assets.xcassets; sourceTree = "<group>"; };
		6A33BC05217F98CF00856B08 /* Base */ = {isa = PBXFileReference; lastKnownFileType = file.storyboard; name = Base; path = Base.lproj/LaunchScreen.storyboard; sourceTree = "<group>"; };
		6A33BC07217F98CF00856B08 /* Info.plist */ = {isa = PBXFileReference; lastKnownFileType = text.plist.xml; path = Info.plist; sourceTree = "<group>"; };
		6A33BC0C217F98CF00856B08 /* iKidTests.xctest */ = {isa = PBXFileReference; explicitFileType = wrapper.cfbundle; includeInIndex = 0; path = iKidTests.xctest; sourceTree = BUILT_PRODUCTS_DIR; };
		6A33BC10217F98CF00856B08 /* iKidTests.swift */ = {isa = PBXFileReference; lastKnownFileType = sourcecode.swift; path = iKidTests.swift; sourceTree = "<group>"; };
		6A33BC12217F98CF00856B08 /* Info.plist */ = {isa = PBXFileReference; lastKnownFileType = text.plist.xml; path = Info.plist; sourceTree = "<group>"; };
		6A33BC17217F98CF00856B08 /* iKidUITests.xctest */ = {isa = PBXFileReference; explicitFileType = wrapper.cfbundle; includeInIndex = 0; path = iKidUITests.xctest; sourceTree = BUILT_PRODUCTS_DIR; };
		6A33BC1B217F98CF00856B08 /* iKidUITests.swift */ = {isa = PBXFileReference; lastKnownFileType = sourcecode.swift; path = iKidUITests.swift; sourceTree = "<group>"; };
		6A33BC1D217F98CF00856B08 /* Info.plist */ = {isa = PBXFileReference; lastKnownFileType = text.plist.xml; path = Info.plist; sourceTree = "<group>"; };
		6AE126C32180EBFB00FA6CB9 /* dadJokeSwitchingVC.swift */ = {isa = PBXFileReference; lastKnownFileType = sourcecode.swift; path = dadJokeSwitchingVC.swift; sourceTree = "<group>"; };
		6AE126C52180EC7400FA6CB9 /* dadJoke1VC.swift */ = {isa = PBXFileReference; lastKnownFileType = sourcecode.swift; path = dadJoke1VC.swift; sourceTree = "<group>"; };
		6AE126C72180EC8F00FA6CB9 /* dadJoke2VC.swift */ = {isa = PBXFileReference; lastKnownFileType = sourcecode.swift; path = dadJoke2VC.swift; sourceTree = "<group>"; };
		6AE126C92180F74200FA6CB9 /* goodJokeSwitchVC.swift */ = {isa = PBXFileReference; lastKnownFileType = sourcecode.swift; path = goodJokeSwitchVC.swift; sourceTree = "<group>"; };
		6AE126CB2180F75E00FA6CB9 /* goodJoke1VC.swift */ = {isa = PBXFileReference; lastKnownFileType = sourcecode.swift; path = goodJoke1VC.swift; sourceTree = "<group>"; };
		6AE126CD2180F77200FA6CB9 /* goodJoke2VC.swift */ = {isa = PBXFileReference; lastKnownFileType = sourcecode.swift; path = goodJoke2VC.swift; sourceTree = "<group>"; };
		6AE126CF2181083500FA6CB9 /* punJokeSwitchVC.swift */ = {isa = PBXFileReference; lastKnownFileType = sourcecode.swift; path = punJokeSwitchVC.swift; sourceTree = "<group>"; };
		6AE126D12181085C00FA6CB9 /* punJoke1VC.swift */ = {isa = PBXFileReference; lastKnownFileType = sourcecode.swift; path = punJoke1VC.swift; sourceTree = "<group>"; };
		6AE126D32181086F00FA6CB9 /* punJoke2VC.swift */ = {isa = PBXFileReference; lastKnownFileType = sourcecode.swift; path = punJoke2VC.swift; sourceTree = "<group>"; };
		6AE126D52181088800FA6CB9 /* punJoke3VC.swift */ = {isa = PBXFileReference; lastKnownFileType = sourcecode.swift; path = punJoke3VC.swift; sourceTree = "<group>"; };
		6AE126D7218108A100FA6CB9 /* punJoke4VC.swift */ = {isa = PBXFileReference; lastKnownFileType = sourcecode.swift; path = punJoke4VC.swift; sourceTree = "<group>"; };
		6AE126D9218108BA00FA6CB9 /* punJoke5VC.swift */ = {isa = PBXFileReference; lastKnownFileType = sourcecode.swift; path = punJoke5VC.swift; sourceTree = "<group>"; };
/* End PBXFileReference section */

/* Begin PBXFrameworksBuildPhase section */
		6A33BBF3217F98CE00856B08 /* Frameworks */ = {
			isa = PBXFrameworksBuildPhase;
			buildActionMask = 2147483647;
			files = (
			);
			runOnlyForDeploymentPostprocessing = 0;
		};
		6A33BC09217F98CF00856B08 /* Frameworks */ = {
			isa = PBXFrameworksBuildPhase;
			buildActionMask = 2147483647;
			files = (
			);
			runOnlyForDeploymentPostprocessing = 0;
		};
		6A33BC14217F98CF00856B08 /* Frameworks */ = {
			isa = PBXFrameworksBuildPhase;
			buildActionMask = 2147483647;
			files = (
			);
			runOnlyForDeploymentPostprocessing = 0;
		};
/* End PBXFrameworksBuildPhase section */

/* Begin PBXGroup section */
		6A33BBED217F98CE00856B08 = {
			isa = PBXGroup;
			children = (
				6A33BBF8217F98CE00856B08 /* iKid */,
				6A33BC0F217F98CF00856B08 /* iKidTests */,
				6A33BC1A217F98CF00856B08 /* iKidUITests */,
				6A33BBF7217F98CE00856B08 /* Products */,
			);
			sourceTree = "<group>";
		};
		6A33BBF7217F98CE00856B08 /* Products */ = {
			isa = PBXGroup;
			children = (
				6A33BBF6217F98CE00856B08 /* iKid.app */,
				6A33BC0C217F98CF00856B08 /* iKidTests.xctest */,
				6A33BC17217F98CF00856B08 /* iKidUITests.xctest */,
			);
			name = Products;
			sourceTree = "<group>";
		};
		6A33BBF8217F98CE00856B08 /* iKid */ = {
			isa = PBXGroup;
			children = (
				6A33BBF9217F98CE00856B08 /* AppDelegate.swift */,
				6A33BBFF217F98CE00856B08 /* Main.storyboard */,
				6AE126CF2181083500FA6CB9 /* punJokeSwitchVC.swift */,
				6AE126D12181085C00FA6CB9 /* punJoke1VC.swift */,
				6AE126D32181086F00FA6CB9 /* punJoke2VC.swift */,
				6AE126D52181088800FA6CB9 /* punJoke3VC.swift */,
				6AE126D7218108A100FA6CB9 /* punJoke4VC.swift */,
				6AE126D9218108BA00FA6CB9 /* punJoke5VC.swift */,
				6AE126C92180F74200FA6CB9 /* goodJokeSwitchVC.swift */,
				6AE126CB2180F75E00FA6CB9 /* goodJoke1VC.swift */,
				6AE126CD2180F77200FA6CB9 /* goodJoke2VC.swift */,
				6AE126C32180EBFB00FA6CB9 /* dadJokeSwitchingVC.swift */,
				6AE126C52180EC7400FA6CB9 /* dadJoke1VC.swift */,
				6AE126C72180EC8F00FA6CB9 /* dadJoke2VC.swift */,
				6A33BC02217F98CF00856B08 /* Assets.xcassets */,
				6A33BC04217F98CF00856B08 /* LaunchScreen.storyboard */,
				6A33BC07217F98CF00856B08 /* Info.plist */,
			);
			path = iKid;
			sourceTree = "<group>";
		};
		6A33BC0F217F98CF00856B08 /* iKidTests */ = {
			isa = PBXGroup;
			children = (
				6A33BC10217F98CF00856B08 /* iKidTests.swift */,
				6A33BC12217F98CF00856B08 /* Info.plist */,
			);
			path = iKidTests;
			sourceTree = "<group>";
		};
		6A33BC1A217F98CF00856B08 /* iKidUITests */ = {
			isa = PBXGroup;
			children = (
				6A33BC1B217F98CF00856B08 /* iKidUITests.swift */,
				6A33BC1D217F98CF00856B08 /* Info.plist */,
			);
			path = iKidUITests;
			sourceTree = "<group>";
		};
/* End PBXGroup section */

/* Begin PBXNativeTarget section */
		6A33BBF5217F98CE00856B08 /* iKid */ = {
			isa = PBXNativeTarget;
			buildConfigurationList = 6A33BC20217F98CF00856B08 /* Build configuration list for PBXNativeTarget "iKid" */;
			buildPhases = (
				6A33BBF2217F98CE00856B08 /* Sources */,
				6A33BBF3217F98CE00856B08 /* Frameworks */,
				6A33BBF4217F98CE00856B08 /* Resources */,
			);
			buildRules = (
			);
			dependencies = (
			);
			name = iKid;
			productName = iKid;
			productReference = 6A33BBF6217F98CE00856B08 /* iKid.app */;
			productType = "com.apple.product-type.application";
		};
		6A33BC0B217F98CF00856B08 /* iKidTests */ = {
			isa = PBXNativeTarget;
			buildConfigurationList = 6A33BC23217F98CF00856B08 /* Build configuration list for PBXNativeTarget "iKidTests" */;
			buildPhases = (
				6A33BC08217F98CF00856B08 /* Sources */,
				6A33BC09217F98CF00856B08 /* Frameworks */,
				6A33BC0A217F98CF00856B08 /* Resources */,
			);
			buildRules = (
			);
			dependencies = (
				6A33BC0E217F98CF00856B08 /* PBXTargetDependency */,
			);
			name = iKidTests;
			productName = iKidTests;
			productReference = 6A33BC0C217F98CF00856B08 /* iKidTests.xctest */;
			productType = "com.apple.product-type.bundle.unit-test";
		};
		6A33BC16217F98CF00856B08 /* iKidUITests */ = {
			isa = PBXNativeTarget;
			buildConfigurationList = 6A33BC26217F98CF00856B08 /* Build configuration list for PBXNativeTarget "iKidUITests" */;
			buildPhases = (
				6A33BC13217F98CF00856B08 /* Sources */,
				6A33BC14217F98CF00856B08 /* Frameworks */,
				6A33BC15217F98CF00856B08 /* Resources */,
			);
			buildRules = (
			);
			dependencies = (
				6A33BC19217F98CF00856B08 /* PBXTargetDependency */,
			);
			name = iKidUITests;
			productName = iKidUITests;
			productReference = 6A33BC17217F98CF00856B08 /* iKidUITests.xctest */;
			productType = "com.apple.product-type.bundle.ui-testing";
		};
/* End PBXNativeTarget section */

/* Begin PBXProject section */
		6A33BBEE217F98CE00856B08 /* Project object */ = {
			isa = PBXProject;
			attributes = {
				LastSwiftUpdateCheck = 1000;
				LastUpgradeCheck = 1000;
				ORGANIZATIONNAME = iosdev;
				TargetAttributes = {
					6A33BBF5217F98CE00856B08 = {
						CreatedOnToolsVersion = 10.0;
					};
					6A33BC0B217F98CF00856B08 = {
						CreatedOnToolsVersion = 10.0;
						TestTargetID = 6A33BBF5217F98CE00856B08;
					};
					6A33BC16217F98CF00856B08 = {
						CreatedOnToolsVersion = 10.0;
						TestTargetID = 6A33BBF5217F98CE00856B08;
					};
				};
			};
			buildConfigurationList = 6A33BBF1217F98CE00856B08 /* Build configuration list for PBXProject "iKid" */;
			compatibilityVersion = "Xcode 9.3";
			developmentRegion = en;
			hasScannedForEncodings = 0;
			knownRegions = (
				en,
				Base,
			);
			mainGroup = 6A33BBED217F98CE00856B08;
			productRefGroup = 6A33BBF7217F98CE00856B08 /* Products */;
			projectDirPath = "";
			projectRoot = "";
			targets = (
				6A33BBF5217F98CE00856B08 /* iKid */,
				6A33BC0B217F98CF00856B08 /* iKidTests */,
				6A33BC16217F98CF00856B08 /* iKidUITests */,
			);
		};
/* End PBXProject section */

/* Begin PBXResourcesBuildPhase section */
		6A33BBF4217F98CE00856B08 /* Resources */ = {
			isa = PBXResourcesBuildPhase;
			buildActionMask = 2147483647;
			files = (
				6A33BC06217F98CF00856B08 /* LaunchScreen.storyboard in Resources */,
				6A33BC03217F98CF00856B08 /* Assets.xcassets in Resources */,
				6A33BC01217F98CE00856B08 /* Main.storyboard in Resources */,
			);
			runOnlyForDeploymentPostprocessing = 0;
		};
		6A33BC0A217F98CF00856B08 /* Resources */ = {
			isa = PBXResourcesBuildPhase;
			buildActionMask = 2147483647;
			files = (
			);
			runOnlyForDeploymentPostprocessing = 0;
		};
		6A33BC15217F98CF00856B08 /* Resources */ = {
			isa = PBXResourcesBuildPhase;
			buildActionMask = 2147483647;
			files = (
			);
			runOnlyForDeploymentPostprocessing = 0;
		};
/* End PBXResourcesBuildPhase section */

/* Begin PBXSourcesBuildPhase section */
		6A33BBF2217F98CE00856B08 /* Sources */ = {
			isa = PBXSourcesBuildPhase;
			buildActionMask = 2147483647;
			files = (
				6AE126D62181088800FA6CB9 /* punJoke3VC.swift in Sources */,
				6AE126CE2180F77200FA6CB9 /* goodJoke2VC.swift in Sources */,
				6AE126CC2180F75E00FA6CB9 /* goodJoke1VC.swift in Sources */,
				6AE126D42181086F00FA6CB9 /* punJoke2VC.swift in Sources */,
				6AE126D22181085C00FA6CB9 /* punJoke1VC.swift in Sources */,
				6A33BBFA217F98CE00856B08 /* AppDelegate.swift in Sources */,
				6AE126CA2180F74200FA6CB9 /* goodJokeSwitchVC.swift in Sources */,
				6AE126D8218108A100FA6CB9 /* punJoke4VC.swift in Sources */,
				6AE126D02181083500FA6CB9 /* punJokeSwitchVC.swift in Sources */,
				6AE126C42180EBFB00FA6CB9 /* dadJokeSwitchingVC.swift in Sources */,
				6AE126DA218108BA00FA6CB9 /* punJoke5VC.swift in Sources */,
				6AE126C82180EC8F00FA6CB9 /* dadJoke2VC.swift in Sources */,
				6AE126C62180EC7400FA6CB9 /* dadJoke1VC.swift in Sources */,
			);
			runOnlyForDeploymentPostprocessing = 0;
		};
		6A33BC08217F98CF00856B08 /* Sources */ = {
			isa = PBXSourcesBuildPhase;
			buildActionMask = 2147483647;
			files = (
				6A33BC11217F98CF00856B08 /* iKidTests.swift in Sources */,
			);
			runOnlyForDeploymentPostprocessing = 0;
		};
		6A33BC13217F98CF00856B08 /* Sources */ = {
			isa = PBXSourcesBuildPhase;
			buildActionMask = 2147483647;
			files = (
				6A33BC1C217F98CF00856B08 /* iKidUITests.swift in Sources */,
			);
			runOnlyForDeploymentPostprocessing = 0;
		};
/* End PBXSourcesBuildPhase section */

/* Begin PBXTargetDependency section */
		6A33BC0E217F98CF00856B08 /* PBXTargetDependency */ = {
			isa = PBXTargetDependency;
			target = 6A33BBF5217F98CE00856B08 /* iKid */;
			targetProxy = 6A33BC0D217F98CF00856B08 /* PBXContainerItemProxy */;
		};
		6A33BC19217F98CF00856B08 /* PBXTargetDependency */ = {
			isa = PBXTargetDependency;
			target = 6A33BBF5217F98CE00856B08 /* iKid */;
			targetProxy = 6A33BC18217F98CF00856B08 /* PBXContainerItemProxy */;
		};
/* End PBXTargetDependency section */

/* Begin PBXVariantGroup section */
		6A33BBFF217F98CE00856B08 /* Main.storyboard */ = {
			isa = PBXVariantGroup;
			children = (
				6A33BC00217F98CE00856B08 /* Base */,
			);
			name = Main.storyboard;
			sourceTree = "<group>";
		};
		6A33BC04217F98CF00856B08 /* LaunchScreen.storyboard */ = {
			isa = PBXVariantGroup;
			children = (
				6A33BC05217F98CF00856B08 /* Base */,
			);
			name = LaunchScreen.storyboard;
			sourceTree = "<group>";
		};
/* End PBXVariantGroup section */

/* Begin XCBuildConfiguration section */
		6A33BC1E217F98CF00856B08 /* Debug */ = {
			isa = XCBuildConfiguration;
			buildSettings = {
				ALWAYS_SEARCH_USER_PATHS = NO;
				CLANG_ANALYZER_NONNULL = YES;
				CLANG_ANALYZER_NUMBER_OBJECT_CONVERSION = YES_AGGRESSIVE;
				CLANG_CXX_LANGUAGE_STANDARD = "gnu++14";
				CLANG_CXX_LIBRARY = "libc++";
				CLANG_ENABLE_MODULES = YES;
				CLANG_ENABLE_OBJC_ARC = YES;
				CLANG_ENABLE_OBJC_WEAK = YES;
				CLANG_WARN_BLOCK_CAPTURE_AUTORELEASING = YES;
				CLANG_WARN_BOOL_CONVERSION = YES;
				CLANG_WARN_COMMA = YES;
				CLANG_WARN_CONSTANT_CONVERSION = YES;
				CLANG_WARN_DEPRECATED_OBJC_IMPLEMENTATIONS = YES;
				CLANG_WARN_DIRECT_OBJC_ISA_USAGE = YES_ERROR;
				CLANG_WARN_DOCUMENTATION_COMMENTS = YES;
				CLANG_WARN_EMPTY_BODY = YES;
				CLANG_WARN_ENUM_CONVERSION = YES;
				CLANG_WARN_INFINITE_RECURSION = YES;
				CLANG_WARN_INT_CONVERSION = YES;
				CLANG_WARN_NON_LITERAL_NULL_CONVERSION = YES;
				CLANG_WARN_OBJC_IMPLICIT_RETAIN_SELF = YES;
				CLANG_WARN_OBJC_LITERAL_CONVERSION = YES;
				CLANG_WARN_OBJC_ROOT_CLASS = YES_ERROR;
				CLANG_WARN_RANGE_LOOP_ANALYSIS = YES;
				CLANG_WARN_STRICT_PROTOTYPES = YES;
				CLANG_WARN_SUSPICIOUS_MOVE = YES;
				CLANG_WARN_UNGUARDED_AVAILABILITY = YES_AGGRESSIVE;
				CLANG_WARN_UNREACHABLE_CODE = YES;
				CLANG_WARN__DUPLICATE_METHOD_MATCH = YES;
				CODE_SIGN_IDENTITY = "iPhone Developer";
				COPY_PHASE_STRIP = NO;
				DEBUG_INFORMATION_FORMAT = dwarf;
				ENABLE_STRICT_OBJC_MSGSEND = YES;
				ENABLE_TESTABILITY = YES;
				GCC_C_LANGUAGE_STANDARD = gnu11;
				GCC_DYNAMIC_NO_PIC = NO;
				GCC_NO_COMMON_BLOCKS = YES;
				GCC_OPTIMIZATION_LEVEL = 0;
				GCC_PREPROCESSOR_DEFINITIONS = (
					"DEBUG=1",
					"$(inherited)",
				);
				GCC_WARN_64_TO_32_BIT_CONVERSION = YES;
				GCC_WARN_ABOUT_RETURN_TYPE = YES_ERROR;
				GCC_WARN_UNDECLARED_SELECTOR = YES;
				GCC_WARN_UNINITIALIZED_AUTOS = YES_AGGRESSIVE;
				GCC_WARN_UNUSED_FUNCTION = YES;
				GCC_WARN_UNUSED_VARIABLE = YES;
				IPHONEOS_DEPLOYMENT_TARGET = 12.0;
				MTL_ENABLE_DEBUG_INFO = INCLUDE_SOURCE;
				MTL_FAST_MATH = YES;
				ONLY_ACTIVE_ARCH = YES;
				SDKROOT = iphoneos;
				SWIFT_ACTIVE_COMPILATION_CONDITIONS = DEBUG;
				SWIFT_OPTIMIZATION_LEVEL = "-Onone";
			};
			name = Debug;
		};
		6A33BC1F217F98CF00856B08 /* Release */ = {
			isa = XCBuildConfiguration;
			buildSettings = {
				ALWAYS_SEARCH_USER_PATHS = NO;
				CLANG_ANALYZER_NONNULL = YES;
				CLANG_ANALYZER_NUMBER_OBJECT_CONVERSION = YES_AGGRESSIVE;
				CLANG_CXX_LANGUAGE_STANDARD = "gnu++14";
				CLANG_CXX_LIBRARY = "libc++";
				CLANG_ENABLE_MODULES = YES;
				CLANG_ENABLE_OBJC_ARC = YES;
				CLANG_ENABLE_OBJC_WEAK = YES;
				CLANG_WARN_BLOCK_CAPTURE_AUTORELEASING = YES;
				CLANG_WARN_BOOL_CONVERSION = YES;
				CLANG_WARN_COMMA = YES;
				CLANG_WARN_CONSTANT_CONVERSION = YES;
				CLANG_WARN_DEPRECATED_OBJC_IMPLEMENTATIONS = YES;
				CLANG_WARN_DIRECT_OBJC_ISA_USAGE = YES_ERROR;
				CLANG_WARN_DOCUMENTATION_COMMENTS = YES;
				CLANG_WARN_EMPTY_BODY = YES;
				CLANG_WARN_ENUM_CONVERSION = YES;
				CLANG_WARN_INFINITE_RECURSION = YES;
				CLANG_WARN_INT_CONVERSION = YES;
				CLANG_WARN_NON_LITERAL_NULL_CONVERSION = YES;
				CLANG_WARN_OBJC_IMPLICIT_RETAIN_SELF = YES;
				CLANG_WARN_OBJC_LITERAL_CONVERSION = YES;
				CLANG_WARN_OBJC_ROOT_CLASS = YES_ERROR;
				CLANG_WARN_RANGE_LOOP_ANALYSIS = YES;
				CLANG_WARN_STRICT_PROTOTYPES = YES;
				CLANG_WARN_SUSPICIOUS_MOVE = YES;
				CLANG_WARN_UNGUARDED_AVAILABILITY = YES_AGGRESSIVE;
				CLANG_WARN_UNREACHABLE_CODE = YES;
				CLANG_WARN__DUPLICATE_METHOD_MATCH = YES;
				CODE_SIGN_IDENTITY = "iPhone Developer";
				COPY_PHASE_STRIP = NO;
				DEBUG_INFORMATION_FORMAT = "dwarf-with-dsym";
				ENABLE_NS_ASSERTIONS = NO;
				ENABLE_STRICT_OBJC_MSGSEND = YES;
				GCC_C_LANGUAGE_STANDARD = gnu11;
				GCC_NO_COMMON_BLOCKS = YES;
				GCC_WARN_64_TO_32_BIT_CONVERSION = YES;
				GCC_WARN_ABOUT_RETURN_TYPE = YES_ERROR;
				GCC_WARN_UNDECLARED_SELECTOR = YES;
				GCC_WARN_UNINITIALIZED_AUTOS = YES_AGGRESSIVE;
				GCC_WARN_UNUSED_FUNCTION = YES;
				GCC_WARN_UNUSED_VARIABLE = YES;
				IPHONEOS_DEPLOYMENT_TARGET = 12.0;
				MTL_ENABLE_DEBUG_INFO = NO;
				MTL_FAST_MATH = YES;
				SDKROOT = iphoneos;
				SWIFT_COMPILATION_MODE = wholemodule;
				SWIFT_OPTIMIZATION_LEVEL = "-O";
				VALIDATE_PRODUCT = YES;
			};
			name = Release;
		};
		6A33BC21217F98CF00856B08 /* Debug */ = {
			isa = XCBuildConfiguration;
			buildSettings = {
				ASSETCATALOG_COMPILER_APPICON_NAME = AppIcon;
				CODE_SIGN_STYLE = Automatic;
				DEVELOPMENT_TEAM = 69XN34A39B;
				INFOPLIST_FILE = iKid/Info.plist;
				LD_RUNPATH_SEARCH_PATHS = (
					"$(inherited)",
					"@executable_path/Frameworks",
				);
				PRODUCT_BUNDLE_IDENTIFIER = com.jes4u.iKid;
				PRODUCT_NAME = "$(TARGET_NAME)";
				SWIFT_VERSION = 4.2;
				TARGETED_DEVICE_FAMILY = "1,2";
			};
			name = Debug;
		};
		6A33BC22217F98CF00856B08 /* Release */ = {
			isa = XCBuildConfiguration;
			buildSettings = {
				ASSETCATALOG_COMPILER_APPICON_NAME = AppIcon;
				CODE_SIGN_STYLE = Automatic;
				DEVELOPMENT_TEAM = 69XN34A39B;
				INFOPLIST_FILE = iKid/Info.plist;
				LD_RUNPATH_SEARCH_PATHS = (
					"$(inherited)",
					"@executable_path/Frameworks",
				);
				PRODUCT_BUNDLE_IDENTIFIER = com.jes4u.iKid;
				PRODUCT_NAME = "$(TARGET_NAME)";
				SWIFT_VERSION = 4.2;
				TARGETED_DEVICE_FAMILY = "1,2";
			};
			name = Release;
		};
		6A33BC24217F98CF00856B08 /* Debug */ = {
			isa = XCBuildConfiguration;
			buildSettings = {
				ALWAYS_EMBED_SWIFT_STANDARD_LIBRARIES = YES;
				BUNDLE_LOADER = "$(TEST_HOST)";
				CODE_SIGN_STYLE = Automatic;
				DEVELOPMENT_TEAM = 69XN34A39B;
				INFOPLIST_FILE = iKidTests/Info.plist;
				LD_RUNPATH_SEARCH_PATHS = (
					"$(inherited)",
					"@executable_path/Frameworks",
					"@loader_path/Frameworks",
				);
				PRODUCT_BUNDLE_IDENTIFIER = com.jes4u.iKidTests;
				PRODUCT_NAME = "$(TARGET_NAME)";
				SWIFT_VERSION = 4.2;
				TARGETED_DEVICE_FAMILY = "1,2";
				TEST_HOST = "$(BUILT_PRODUCTS_DIR)/iKid.app/iKid";
			};
			name = Debug;
		};
		6A33BC25217F98CF00856B08 /* Release */ = {
			isa = XCBuildConfiguration;
			buildSettings = {
				ALWAYS_EMBED_SWIFT_STANDARD_LIBRARIES = YES;
				BUNDLE_LOADER = "$(TEST_HOST)";
				CODE_SIGN_STYLE = Automatic;
				DEVELOPMENT_TEAM = 69XN34A39B;
				INFOPLIST_FILE = iKidTests/Info.plist;
				LD_RUNPATH_SEARCH_PATHS = (
					"$(inherited)",
					"@executable_path/Frameworks",
					"@loader_path/Frameworks",
				);
				PRODUCT_BUNDLE_IDENTIFIER = com.jes4u.iKidTests;
				PRODUCT_NAME = "$(TARGET_NAME)";
				SWIFT_VERSION = 4.2;
				TARGETED_DEVICE_FAMILY = "1,2";
				TEST_HOST = "$(BUILT_PRODUCTS_DIR)/iKid.app/iKid";
			};
			name = Release;
		};
		6A33BC27217F98CF00856B08 /* Debug */ = {
			isa = XCBuildConfiguration;
			buildSettings = {
				ALWAYS_EMBED_SWIFT_STANDARD_LIBRARIES = YES;
				CODE_SIGN_STYLE = Automatic;
				DEVELOPMENT_TEAM = 69XN34A39B;
				INFOPLIST_FILE = iKidUITests/Info.plist;
				LD_RUNPATH_SEARCH_PATHS = (
					"$(inherited)",
					"@executable_path/Frameworks",
					"@loader_path/Frameworks",
				);
				PRODUCT_BUNDLE_IDENTIFIER = com.jes4u.iKidUITests;
				PRODUCT_NAME = "$(TARGET_NAME)";
				SWIFT_VERSION = 4.2;
				TARGETED_DEVICE_FAMILY = "1,2";
				TEST_TARGET_NAME = iKid;
			};
			name = Debug;
		};
		6A33BC28217F98CF00856B08 /* Release */ = {
			isa = XCBuildConfiguration;
			buildSettings = {
				ALWAYS_EMBED_SWIFT_STANDARD_LIBRARIES = YES;
				CODE_SIGN_STYLE = Automatic;
				DEVELOPMENT_TEAM = 69XN34A39B;
				INFOPLIST_FILE = iKidUITests/Info.plist;
				LD_RUNPATH_SEARCH_PATHS = (
					"$(inherited)",
					"@executable_path/Frameworks",
					"@loader_path/Frameworks",
				);
				PRODUCT_BUNDLE_IDENTIFIER = com.jes4u.iKidUITests;
				PRODUCT_NAME = "$(TARGET_NAME)";
				SWIFT_VERSION = 4.2;
				TARGETED_DEVICE_FAMILY = "1,2";
				TEST_TARGET_NAME = iKid;
			};
			name = Release;
		};
/* End XCBuildConfiguration section */

/* Begin XCConfigurationList section */
		6A33BBF1217F98CE00856B08 /* Build configuration list for PBXProject "iKid" */ = {
			isa = XCConfigurationList;
			buildConfigurations = (
				6A33BC1E217F98CF00856B08 /* Debug */,
				6A33BC1F217F98CF00856B08 /* Release */,
			);
			defaultConfigurationIsVisible = 0;
			defaultConfigurationName = Release;
		};
		6A33BC20217F98CF00856B08 /* Build configuration list for PBXNativeTarget "iKid" */ = {
			isa = XCConfigurationList;
			buildConfigurations = (
				6A33BC21217F98CF00856B08 /* Debug */,
				6A33BC22217F98CF00856B08 /* Release */,
			);
			defaultConfigurationIsVisible = 0;
			defaultConfigurationName = Release;
		};
		6A33BC23217F98CF00856B08 /* Build configuration list for PBXNativeTarget "iKidTests" */ = {
			isa = XCConfigurationList;
			buildConfigurations = (
				6A33BC24217F98CF00856B08 /* Debug */,
				6A33BC25217F98CF00856B08 /* Release */,
			);
			defaultConfigurationIsVisible = 0;
			defaultConfigurationName = Release;
		};
		6A33BC26217F98CF00856B08 /* Build configuration list for PBXNativeTarget "iKidUITests" */ = {
			isa = XCConfigurationList;
			buildConfigurations = (
				6A33BC27217F98CF00856B08 /* Debug */,
				6A33BC28217F98CF00856B08 /* Release */,
			);
			defaultConfigurationIsVisible = 0;
			defaultConfigurationName = Release;
		};
/* End XCConfigurationList section */
	};
	rootObject = 6A33BBEE217F98CE00856B08 /* Project object */;
}
